// !$*UTF8*$!
{
	archiveVersion = 1;
	classes = {
	};
	objectVersion = 50;
	objects = {

/* Begin PBXBuildFile section */
		C34DF89B216136C3000D775C /* CategoriesService.m in Sources */ = {isa = PBXBuildFile; fileRef = C34DF89A216136C3000D775C /* CategoriesService.m */; };
		C34DF89F216139BC000D775C /* Category.m in Sources */ = {isa = PBXBuildFile; fileRef = C34DF89E216139BC000D775C /* Category.m */; };
		C34DF8A421614958000D775C /* Colors.m in Sources */ = {isa = PBXBuildFile; fileRef = C34DF8A321614958000D775C /* Colors.m */; };
		C37546D72168E09400C716BE /* DefaultController.m in Sources */ = {isa = PBXBuildFile; fileRef = C37546D62168E09400C716BE /* DefaultController.m */; };
		C37546DA2168E28F00C716BE /* DefaultCollectionController.m in Sources */ = {isa = PBXBuildFile; fileRef = C37546D92168E28F00C716BE /* DefaultCollectionController.m */; };
		C38BC26E2160C64F00E9D7D6 /* AppDelegate.m in Sources */ = {isa = PBXBuildFile; fileRef = C38BC26D2160C64F00E9D7D6 /* AppDelegate.m */; };
		C38BC2762160C64F00E9D7D6 /* Assets.xcassets in Resources */ = {isa = PBXBuildFile; fileRef = C38BC2752160C64F00E9D7D6 /* Assets.xcassets */; };
		C38BC2792160C64F00E9D7D6 /* LaunchScreen.storyboard in Resources */ = {isa = PBXBuildFile; fileRef = C38BC2772160C64F00E9D7D6 /* LaunchScreen.storyboard */; };
		C38BC27C2160C64F00E9D7D6 /* main.m in Sources */ = {isa = PBXBuildFile; fileRef = C38BC27B2160C64F00E9D7D6 /* main.m */; };
		C38BC2882160C7E700E9D7D6 /* VCUserAuthorization.m in Sources */ = {isa = PBXBuildFile; fileRef = C38BC2862160C7E700E9D7D6 /* VCUserAuthorization.m */; };
		C38BC2892160C7E700E9D7D6 /* VCUserAuthorization.xib in Resources */ = {isa = PBXBuildFile; fileRef = C38BC2872160C7E700E9D7D6 /* VCUserAuthorization.xib */; };
		C38BC28D2160CD0E00E9D7D6 /* UserAuthorizationService.m in Sources */ = {isa = PBXBuildFile; fileRef = C38BC28C2160CD0E00E9D7D6 /* UserAuthorizationService.m */; };
		C38BC2922160CF8D00E9D7D6 /* NSString+MD5.m in Sources */ = {isa = PBXBuildFile; fileRef = C38BC2912160CF8D00E9D7D6 /* NSString+MD5.m */; };
		C3E55CE52160E84000779352 /* Settings.m in Sources */ = {isa = PBXBuildFile; fileRef = C3E55CE42160E84000779352 /* Settings.m */; };
		C3E55CEB2160EBEE00779352 /* VCCategories.m in Sources */ = {isa = PBXBuildFile; fileRef = C3E55CE92160EBEE00779352 /* VCCategories.m */; };
		C3E55CEC2160EBEE00779352 /* VCCategories.xib in Resources */ = {isa = PBXBuildFile; fileRef = C3E55CEA2160EBEE00779352 /* VCCategories.xib */; };
		C3E55CF22160F22100779352 /* CategoryCell.m in Sources */ = {isa = PBXBuildFile; fileRef = C3E55CF02160F22100779352 /* CategoryCell.m */; };
		C3E55CF32160F22100779352 /* CategoryCell.xib in Resources */ = {isa = PBXBuildFile; fileRef = C3E55CF12160F22100779352 /* CategoryCell.xib */; };
		C3E55CF92160F8D900779352 /* libsqlite3.tbd in Frameworks */ = {isa = PBXBuildFile; fileRef = C3E55CF72160F8D900779352 /* libsqlite3.tbd */; };
		C3E55CFA2160F8D900779352 /* libsqlite3.0.tbd in Frameworks */ = {isa = PBXBuildFile; fileRef = C3E55CF82160F8D900779352 /* libsqlite3.0.tbd */; };
/* End PBXBuildFile section */

/* Begin PBXFileReference section */
		C34DF899216136C3000D775C /* CategoriesService.h */ = {isa = PBXFileReference; lastKnownFileType = sourcecode.c.h; path = CategoriesService.h; sourceTree = "<group>"; };
		C34DF89A216136C3000D775C /* CategoriesService.m */ = {isa = PBXFileReference; lastKnownFileType = sourcecode.c.objc; path = CategoriesService.m; sourceTree = "<group>"; };
		C34DF89D216139BC000D775C /* Category.h */ = {isa = PBXFileReference; lastKnownFileType = sourcecode.c.h; path = Category.h; sourceTree = "<group>"; };
		C34DF89E216139BC000D775C /* Category.m */ = {isa = PBXFileReference; lastKnownFileType = sourcecode.c.objc; path = Category.m; sourceTree = "<group>"; };
		C34DF8A221614958000D775C /* Colors.h */ = {isa = PBXFileReference; lastKnownFileType = sourcecode.c.h; path = Colors.h; sourceTree = "<group>"; };
		C34DF8A321614958000D775C /* Colors.m */ = {isa = PBXFileReference; lastKnownFileType = sourcecode.c.objc; path = Colors.m; sourceTree = "<group>"; };
		C37546D52168E09400C716BE /* DefaultController.h */ = {isa = PBXFileReference; lastKnownFileType = sourcecode.c.h; path = DefaultController.h; sourceTree = "<group>"; };
		C37546D62168E09400C716BE /* DefaultController.m */ = {isa = PBXFileReference; lastKnownFileType = sourcecode.c.objc; path = DefaultController.m; sourceTree = "<group>"; };
		C37546D82168E28F00C716BE /* DefaultCollectionController.h */ = {isa = PBXFileReference; lastKnownFileType = sourcecode.c.h; path = DefaultCollectionController.h; sourceTree = "<group>"; };
		C37546D92168E28F00C716BE /* DefaultCollectionController.m */ = {isa = PBXFileReference; lastKnownFileType = sourcecode.c.objc; path = DefaultCollectionController.m; sourceTree = "<group>"; };
		C38BC2692160C64F00E9D7D6 /* mobilelab.app */ = {isa = PBXFileReference; explicitFileType = wrapper.application; includeInIndex = 0; path = mobilelab.app; sourceTree = BUILT_PRODUCTS_DIR; };
		C38BC26C2160C64F00E9D7D6 /* AppDelegate.h */ = {isa = PBXFileReference; lastKnownFileType = sourcecode.c.h; path = AppDelegate.h; sourceTree = "<group>"; };
		C38BC26D2160C64F00E9D7D6 /* AppDelegate.m */ = {isa = PBXFileReference; lastKnownFileType = sourcecode.c.objc; path = AppDelegate.m; sourceTree = "<group>"; };
		C38BC2752160C64F00E9D7D6 /* Assets.xcassets */ = {isa = PBXFileReference; lastKnownFileType = folder.assetcatalog; path = Assets.xcassets; sourceTree = "<group>"; };
		C38BC2782160C64F00E9D7D6 /* Base */ = {isa = PBXFileReference; lastKnownFileType = file.storyboard; name = Base; path = Base.lproj/LaunchScreen.storyboard; sourceTree = "<group>"; };
		C38BC27A2160C64F00E9D7D6 /* Info.plist */ = {isa = PBXFileReference; lastKnownFileType = text.plist.xml; path = Info.plist; sourceTree = "<group>"; };
		C38BC27B2160C64F00E9D7D6 /* main.m */ = {isa = PBXFileReference; lastKnownFileType = sourcecode.c.objc; path = main.m; sourceTree = "<group>"; };
		C38BC2852160C7E700E9D7D6 /* VCUserAuthorization.h */ = {isa = PBXFileReference; lastKnownFileType = sourcecode.c.h; path = VCUserAuthorization.h; sourceTree = "<group>"; };
		C38BC2862160C7E700E9D7D6 /* VCUserAuthorization.m */ = {isa = PBXFileReference; lastKnownFileType = sourcecode.c.objc; path = VCUserAuthorization.m; sourceTree = "<group>"; };
		C38BC2872160C7E700E9D7D6 /* VCUserAuthorization.xib */ = {isa = PBXFileReference; lastKnownFileType = file.xib; path = VCUserAuthorization.xib; sourceTree = "<group>"; };
		C38BC28B2160CD0E00E9D7D6 /* UserAuthorizationService.h */ = {isa = PBXFileReference; lastKnownFileType = sourcecode.c.h; path = UserAuthorizationService.h; sourceTree = "<group>"; };
		C38BC28C2160CD0E00E9D7D6 /* UserAuthorizationService.m */ = {isa = PBXFileReference; lastKnownFileType = sourcecode.c.objc; path = UserAuthorizationService.m; sourceTree = "<group>"; };
		C38BC2902160CF8D00E9D7D6 /* NSString+MD5.h */ = {isa = PBXFileReference; lastKnownFileType = sourcecode.c.h; path = "NSString+MD5.h"; sourceTree = "<group>"; };
		C38BC2912160CF8D00E9D7D6 /* NSString+MD5.m */ = {isa = PBXFileReference; lastKnownFileType = sourcecode.c.objc; path = "NSString+MD5.m"; sourceTree = "<group>"; };
		C3E55CE32160E84000779352 /* Settings.h */ = {isa = PBXFileReference; lastKnownFileType = sourcecode.c.h; path = Settings.h; sourceTree = "<group>"; };
		C3E55CE42160E84000779352 /* Settings.m */ = {isa = PBXFileReference; lastKnownFileType = sourcecode.c.objc; path = Settings.m; sourceTree = "<group>"; };
		C3E55CE82160EBEE00779352 /* VCCategories.h */ = {isa = PBXFileReference; lastKnownFileType = sourcecode.c.h; path = VCCategories.h; sourceTree = "<group>"; };
		C3E55CE92160EBEE00779352 /* VCCategories.m */ = {isa = PBXFileReference; lastKnownFileType = sourcecode.c.objc; path = VCCategories.m; sourceTree = "<group>"; };
		C3E55CEA2160EBEE00779352 /* VCCategories.xib */ = {isa = PBXFileReference; lastKnownFileType = file.xib; path = VCCategories.xib; sourceTree = "<group>"; };
		C3E55CEF2160F22100779352 /* CategoryCell.h */ = {isa = PBXFileReference; lastKnownFileType = sourcecode.c.h; path = CategoryCell.h; sourceTree = "<group>"; };
		C3E55CF02160F22100779352 /* CategoryCell.m */ = {isa = PBXFileReference; lastKnownFileType = sourcecode.c.objc; path = CategoryCell.m; sourceTree = "<group>"; };
		C3E55CF12160F22100779352 /* CategoryCell.xib */ = {isa = PBXFileReference; lastKnownFileType = file.xib; path = CategoryCell.xib; sourceTree = "<group>"; };
		C3E55CF52160F8B500779352 /* CoreData.framework */ = {isa = PBXFileReference; lastKnownFileType = wrapper.framework; name = CoreData.framework; path = System/Library/Frameworks/CoreData.framework; sourceTree = SDKROOT; };
		C3E55CF72160F8D900779352 /* libsqlite3.tbd */ = {isa = PBXFileReference; lastKnownFileType = "sourcecode.text-based-dylib-definition"; name = libsqlite3.tbd; path = usr/lib/libsqlite3.tbd; sourceTree = SDKROOT; };
		C3E55CF82160F8D900779352 /* libsqlite3.0.tbd */ = {isa = PBXFileReference; lastKnownFileType = "sourcecode.text-based-dylib-definition"; name = libsqlite3.0.tbd; path = usr/lib/libsqlite3.0.tbd; sourceTree = SDKROOT; };
/* End PBXFileReference section */

/* Begin PBXFrameworksBuildPhase section */
		C38BC2662160C64F00E9D7D6 /* Frameworks */ = {
			isa = PBXFrameworksBuildPhase;
			buildActionMask = 2147483647;
			files = (
				C3E55CF92160F8D900779352 /* libsqlite3.tbd in Frameworks */,
				C3E55CFA2160F8D900779352 /* libsqlite3.0.tbd in Frameworks */,
			);
			runOnlyForDeploymentPostprocessing = 0;
		};
/* End PBXFrameworksBuildPhase section */

/* Begin PBXGroup section */
		C34DF898216136A4000D775C /* Service */ = {
			isa = PBXGroup;
			children = (
				C34DF899216136C3000D775C /* CategoriesService.h */,
				C34DF89A216136C3000D775C /* CategoriesService.m */,
			);
			path = Service;
			sourceTree = "<group>";
		};
		C34DF89C216139A5000D775C /* Model */ = {
			isa = PBXGroup;
			children = (
				C34DF89D216139BC000D775C /* Category.h */,
				C34DF89E216139BC000D775C /* Category.m */,
			);
			path = Model;
			sourceTree = "<group>";
		};
		C34DF8A02161490E000D775C /* Project */ = {
			isa = PBXGroup;
			children = (
				C38BC28E2160CF5E00E9D7D6 /* Categories */,
				C37546D42168E07800C716BE /* Controllers */,
				C34DF8A121614948000D775C /* Interface */,
			);
			path = Project;
			sourceTree = "<group>";
		};
		C34DF8A121614948000D775C /* Interface */ = {
			isa = PBXGroup;
			children = (
				C37546D32168E06C00C716BE /* Colors */,
			);
			path = Interface;
			sourceTree = "<group>";
		};
		C37546D32168E06C00C716BE /* Colors */ = {
			isa = PBXGroup;
			children = (
				C34DF8A221614958000D775C /* Colors.h */,
				C34DF8A321614958000D775C /* Colors.m */,
			);
			path = Colors;
			sourceTree = "<group>";
		};
		C37546D42168E07800C716BE /* Controllers */ = {
			isa = PBXGroup;
			children = (
				C37546D52168E09400C716BE /* DefaultController.h */,
				C37546D62168E09400C716BE /* DefaultController.m */,
				C37546D82168E28F00C716BE /* DefaultCollectionController.h */,
				C37546D92168E28F00C716BE /* DefaultCollectionController.m */,
			);
			path = Controllers;
			sourceTree = "<group>";
		};
		C38BC2602160C64F00E9D7D6 = {
			isa = PBXGroup;
			children = (
				C38BC26B2160C64F00E9D7D6 /* mobilelab */,
				C38BC26A2160C64F00E9D7D6 /* Products */,
				C3E55CF42160F8B500779352 /* Frameworks */,
			);
			sourceTree = "<group>";
		};
		C38BC26A2160C64F00E9D7D6 /* Products */ = {
			isa = PBXGroup;
			children = (
				C38BC2692160C64F00E9D7D6 /* mobilelab.app */,
			);
			name = Products;
			sourceTree = "<group>";
		};
		C38BC26B2160C64F00E9D7D6 /* mobilelab */ = {
			isa = PBXGroup;
			children = (
				C34DF8A02161490E000D775C /* Project */,
				C3E55CE62160E9EF00779352 /* ContentCategories */,
				C38BC2832160C77500E9D7D6 /* UserAuthorization */,
				C38BC2822160C6AE00E9D7D6 /* AppDelegate */,
				C38BC2752160C64F00E9D7D6 /* Assets.xcassets */,
				C38BC2772160C64F00E9D7D6 /* LaunchScreen.storyboard */,
				C38BC27A2160C64F00E9D7D6 /* Info.plist */,
				C38BC27B2160C64F00E9D7D6 /* main.m */,
			);
			path = mobilelab;
			sourceTree = "<group>";
		};
		C38BC2822160C6AE00E9D7D6 /* AppDelegate */ = {
			isa = PBXGroup;
			children = (
				C38BC26C2160C64F00E9D7D6 /* AppDelegate.h */,
				C38BC26D2160C64F00E9D7D6 /* AppDelegate.m */,
			);
			path = AppDelegate;
			sourceTree = "<group>";
		};
		C38BC2832160C77500E9D7D6 /* UserAuthorization */ = {
			isa = PBXGroup;
			children = (
				C3E55CE22160E81200779352 /* Settings */,
				C38BC28A2160CCE500E9D7D6 /* AuthorizationService */,
				C38BC2842160C7B700E9D7D6 /* Controller */,
			);
			path = UserAuthorization;
			sourceTree = "<group>";
		};
		C38BC2842160C7B700E9D7D6 /* Controller */ = {
			isa = PBXGroup;
			children = (
				C38BC2852160C7E700E9D7D6 /* VCUserAuthorization.h */,
				C38BC2862160C7E700E9D7D6 /* VCUserAuthorization.m */,
				C38BC2872160C7E700E9D7D6 /* VCUserAuthorization.xib */,
			);
			path = Controller;
			sourceTree = "<group>";
		};
		C38BC28A2160CCE500E9D7D6 /* AuthorizationService */ = {
			isa = PBXGroup;
			children = (
				C38BC28B2160CD0E00E9D7D6 /* UserAuthorizationService.h */,
				C38BC28C2160CD0E00E9D7D6 /* UserAuthorizationService.m */,
			);
			path = AuthorizationService;
			sourceTree = "<group>";
		};
		C38BC28E2160CF5E00E9D7D6 /* Categories */ = {
			isa = PBXGroup;
			children = (
				C38BC28F2160CF7000E9D7D6 /* NSString */,
			);
			path = Categories;
			sourceTree = "<group>";
		};
		C38BC28F2160CF7000E9D7D6 /* NSString */ = {
			isa = PBXGroup;
			children = (
				C38BC2902160CF8D00E9D7D6 /* NSString+MD5.h */,
				C38BC2912160CF8D00E9D7D6 /* NSString+MD5.m */,
			);
			path = NSString;
			sourceTree = "<group>";
		};
		C3E55CE22160E81200779352 /* Settings */ = {
			isa = PBXGroup;
			children = (
				C3E55CE32160E84000779352 /* Settings.h */,
				C3E55CE42160E84000779352 /* Settings.m */,
			);
			path = Settings;
			sourceTree = "<group>";
		};
		C3E55CE62160E9EF00779352 /* ContentCategories */ = {
			isa = PBXGroup;
			children = (
				C34DF89C216139A5000D775C /* Model */,
				C34DF898216136A4000D775C /* Service */,
				C3E55CE72160EBD300779352 /* Controller */,
			);
			path = ContentCategories;
			sourceTree = "<group>";
		};
		C3E55CE72160EBD300779352 /* Controller */ = {
			isa = PBXGroup;
			children = (
				C3E55CED2160F1E100779352 /* CategoryCell */,
				C3E55CE82160EBEE00779352 /* VCCategories.h */,
				C3E55CE92160EBEE00779352 /* VCCategories.m */,
				C3E55CEA2160EBEE00779352 /* VCCategories.xib */,
			);
			path = Controller;
			sourceTree = "<group>";
		};
		C3E55CED2160F1E100779352 /* CategoryCell */ = {
			isa = PBXGroup;
			children = (
				C3E55CEF2160F22100779352 /* CategoryCell.h */,
				C3E55CF02160F22100779352 /* CategoryCell.m */,
				C3E55CF12160F22100779352 /* CategoryCell.xib */,
			);
			path = CategoryCell;
			sourceTree = "<group>";
		};
		C3E55CF42160F8B500779352 /* Frameworks */ = {
			isa = PBXGroup;
			children = (
				C3E55CF82160F8D900779352 /* libsqlite3.0.tbd */,
				C3E55CF72160F8D900779352 /* libsqlite3.tbd */,
				C3E55CF52160F8B500779352 /* CoreData.framework */,
			);
			name = Frameworks;
			sourceTree = "<group>";
		};
/* End PBXGroup section */

/* Begin PBXNativeTarget section */
		C38BC2682160C64F00E9D7D6 /* mobilelab */ = {
			isa = PBXNativeTarget;
			buildConfigurationList = C38BC27F2160C64F00E9D7D6 /* Build configuration list for PBXNativeTarget "mobilelab" */;
			buildPhases = (
				C38BC2652160C64F00E9D7D6 /* Sources */,
				C38BC2662160C64F00E9D7D6 /* Frameworks */,
				C38BC2672160C64F00E9D7D6 /* Resources */,
			);
			buildRules = (
			);
			dependencies = (
			);
			name = mobilelab;
			productName = mobilelab;
			productReference = C38BC2692160C64F00E9D7D6 /* mobilelab.app */;
			productType = "com.apple.product-type.application";
		};
/* End PBXNativeTarget section */

/* Begin PBXProject section */
		C38BC2612160C64F00E9D7D6 /* Project object */ = {
			isa = PBXProject;
			attributes = {
				LastUpgradeCheck = 0940;
				ORGANIZATIONNAME = "Ilya Zimonin";
				TargetAttributes = {
					C38BC2682160C64F00E9D7D6 = {
						CreatedOnToolsVersion = 9.4.1;
					};
				};
			};
			buildConfigurationList = C38BC2642160C64F00E9D7D6 /* Build configuration list for PBXProject "mobilelab" */;
			compatibilityVersion = "Xcode 9.3";
			developmentRegion = en;
			hasScannedForEncodings = 0;
			knownRegions = (
				en,
				Base,
			);
			mainGroup = C38BC2602160C64F00E9D7D6;
			productRefGroup = C38BC26A2160C64F00E9D7D6 /* Products */;
			projectDirPath = "";
			projectRoot = "";
			targets = (
				C38BC2682160C64F00E9D7D6 /* mobilelab */,
			);
		};
/* End PBXProject section */

/* Begin PBXResourcesBuildPhase section */
		C38BC2672160C64F00E9D7D6 /* Resources */ = {
			isa = PBXResourcesBuildPhase;
			buildActionMask = 2147483647;
			files = (
				C3E55CF32160F22100779352 /* CategoryCell.xib in Resources */,
				C3E55CEC2160EBEE00779352 /* VCCategories.xib in Resources */,
				C38BC2792160C64F00E9D7D6 /* LaunchScreen.storyboard in Resources */,
				C38BC2892160C7E700E9D7D6 /* VCUserAuthorization.xib in Resources */,
				C38BC2762160C64F00E9D7D6 /* Assets.xcassets in Resources */,
			);
			runOnlyForDeploymentPostprocessing = 0;
		};
/* End PBXResourcesBuildPhase section */

/* Begin PBXSourcesBuildPhase section */
		C38BC2652160C64F00E9D7D6 /* Sources */ = {
			isa = PBXSourcesBuildPhase;
			buildActionMask = 2147483647;
			files = (
				C38BC27C2160C64F00E9D7D6 /* main.m in Sources */,
				C38BC26E2160C64F00E9D7D6 /* AppDelegate.m in Sources */,
				C3E55CE52160E84000779352 /* Settings.m in Sources */,
				C37546DA2168E28F00C716BE /* DefaultCollectionController.m in Sources */,
				C37546D72168E09400C716BE /* DefaultController.m in Sources */,
				C3E55CEB2160EBEE00779352 /* VCCategories.m in Sources */,
				C38BC2922160CF8D00E9D7D6 /* NSString+MD5.m in Sources */,
				C38BC28D2160CD0E00E9D7D6 /* UserAuthorizationService.m in Sources */,
				C34DF89B216136C3000D775C /* CategoriesService.m in Sources */,
				C34DF8A421614958000D775C /* Colors.m in Sources */,
				C34DF89F216139BC000D775C /* Category.m in Sources */,
				C38BC2882160C7E700E9D7D6 /* VCUserAuthorization.m in Sources */,
				C3E55CF22160F22100779352 /* CategoryCell.m in Sources */,
			);
			runOnlyForDeploymentPostprocessing = 0;
		};
/* End PBXSourcesBuildPhase section */

/* Begin PBXVariantGroup section */
		C38BC2772160C64F00E9D7D6 /* LaunchScreen.storyboard */ = {
			isa = PBXVariantGroup;
			children = (
				C38BC2782160C64F00E9D7D6 /* Base */,
			);
			name = LaunchScreen.storyboard;
			sourceTree = "<group>";
		};
/* End PBXVariantGroup section */

/* Begin XCBuildConfiguration section */
		C38BC27D2160C64F00E9D7D6 /* Debug */ = {
			isa = XCBuildConfiguration;
			buildSettings = {
				ALWAYS_SEARCH_USER_PATHS = NO;
				CLANG_ANALYZER_NONNULL = YES;
				CLANG_ANALYZER_NUMBER_OBJECT_CONVERSION = YES_AGGRESSIVE;
				CLANG_CXX_LANGUAGE_STANDARD = "gnu++14";
				CLANG_CXX_LIBRARY = "libc++";
				CLANG_ENABLE_MODULES = YES;
				CLANG_ENABLE_OBJC_ARC = YES;
				CLANG_ENABLE_OBJC_WEAK = YES;
				CLANG_WARN_BLOCK_CAPTURE_AUTORELEASING = YES;
				CLANG_WARN_BOOL_CONVERSION = YES;
				CLANG_WARN_COMMA = YES;
				CLANG_WARN_CONSTANT_CONVERSION = YES;
				CLANG_WARN_DEPRECATED_OBJC_IMPLEMENTATIONS = YES;
				CLANG_WARN_DIRECT_OBJC_ISA_USAGE = YES_ERROR;
				CLANG_WARN_DOCUMENTATION_COMMENTS = YES;
				CLANG_WARN_EMPTY_BODY = YES;
				CLANG_WARN_ENUM_CONVERSION = YES;
				CLANG_WARN_INFINITE_RECURSION = YES;
				CLANG_WARN_INT_CONVERSION = YES;
				CLANG_WARN_NON_LITERAL_NULL_CONVERSION = YES;
				CLANG_WARN_OBJC_IMPLICIT_RETAIN_SELF = YES;
				CLANG_WARN_OBJC_LITERAL_CONVERSION = YES;
				CLANG_WARN_OBJC_ROOT_CLASS = YES_ERROR;
				CLANG_WARN_RANGE_LOOP_ANALYSIS = YES;
				CLANG_WARN_STRICT_PROTOTYPES = YES;
				CLANG_WARN_SUSPICIOUS_MOVE = YES;
				CLANG_WARN_UNGUARDED_AVAILABILITY = YES_AGGRESSIVE;
				CLANG_WARN_UNREACHABLE_CODE = YES;
				CLANG_WARN__DUPLICATE_METHOD_MATCH = YES;
				CODE_SIGN_IDENTITY = "iPhone Developer";
				COPY_PHASE_STRIP = NO;
				DEBUG_INFORMATION_FORMAT = dwarf;
				ENABLE_STRICT_OBJC_MSGSEND = YES;
				ENABLE_TESTABILITY = YES;
				GCC_C_LANGUAGE_STANDARD = gnu11;
				GCC_DYNAMIC_NO_PIC = NO;
				GCC_NO_COMMON_BLOCKS = YES;
				GCC_OPTIMIZATION_LEVEL = 0;
				GCC_PREPROCESSOR_DEFINITIONS = (
					"DEBUG=1",
					"$(inherited)",
				);
				GCC_WARN_64_TO_32_BIT_CONVERSION = YES;
				GCC_WARN_ABOUT_RETURN_TYPE = YES_ERROR;
				GCC_WARN_UNDECLARED_SELECTOR = YES;
				GCC_WARN_UNINITIALIZED_AUTOS = YES_AGGRESSIVE;
				GCC_WARN_UNUSED_FUNCTION = YES;
				GCC_WARN_UNUSED_VARIABLE = YES;
				IPHONEOS_DEPLOYMENT_TARGET = 11.4;
				MTL_ENABLE_DEBUG_INFO = YES;
				ONLY_ACTIVE_ARCH = YES;
				SDKROOT = iphoneos;
			};
			name = Debug;
		};
		C38BC27E2160C64F00E9D7D6 /* Release */ = {
			isa = XCBuildConfiguration;
			buildSettings = {
				ALWAYS_SEARCH_USER_PATHS = NO;
				CLANG_ANALYZER_NONNULL = YES;
				CLANG_ANALYZER_NUMBER_OBJECT_CONVERSION = YES_AGGRESSIVE;
				CLANG_CXX_LANGUAGE_STANDARD = "gnu++14";
				CLANG_CXX_LIBRARY = "libc++";
				CLANG_ENABLE_MODULES = YES;
				CLANG_ENABLE_OBJC_ARC = YES;
				CLANG_ENABLE_OBJC_WEAK = YES;
				CLANG_WARN_BLOCK_CAPTURE_AUTORELEASING = YES;
				CLANG_WARN_BOOL_CONVERSION = YES;
				CLANG_WARN_COMMA = YES;
				CLANG_WARN_CONSTANT_CONVERSION = YES;
				CLANG_WARN_DEPRECATED_OBJC_IMPLEMENTATIONS = YES;
				CLANG_WARN_DIRECT_OBJC_ISA_USAGE = YES_ERROR;
				CLANG_WARN_DOCUMENTATION_COMMENTS = YES;
				CLANG_WARN_EMPTY_BODY = YES;
				CLANG_WARN_ENUM_CONVERSION = YES;
				CLANG_WARN_INFINITE_RECURSION = YES;
				CLANG_WARN_INT_CONVERSION = YES;
				CLANG_WARN_NON_LITERAL_NULL_CONVERSION = YES;
				CLANG_WARN_OBJC_IMPLICIT_RETAIN_SELF = YES;
				CLANG_WARN_OBJC_LITERAL_CONVERSION = YES;
				CLANG_WARN_OBJC_ROOT_CLASS = YES_ERROR;
				CLANG_WARN_RANGE_LOOP_ANALYSIS = YES;
				CLANG_WARN_STRICT_PROTOTYPES = YES;
				CLANG_WARN_SUSPICIOUS_MOVE = YES;
				CLANG_WARN_UNGUARDED_AVAILABILITY = YES_AGGRESSIVE;
				CLANG_WARN_UNREACHABLE_CODE = YES;
				CLANG_WARN__DUPLICATE_METHOD_MATCH = YES;
				CODE_SIGN_IDENTITY = "iPhone Developer";
				COPY_PHASE_STRIP = NO;
				DEBUG_INFORMATION_FORMAT = "dwarf-with-dsym";
				ENABLE_NS_ASSERTIONS = NO;
				ENABLE_STRICT_OBJC_MSGSEND = YES;
				GCC_C_LANGUAGE_STANDARD = gnu11;
				GCC_NO_COMMON_BLOCKS = YES;
				GCC_WARN_64_TO_32_BIT_CONVERSION = YES;
				GCC_WARN_ABOUT_RETURN_TYPE = YES_ERROR;
				GCC_WARN_UNDECLARED_SELECTOR = YES;
				GCC_WARN_UNINITIALIZED_AUTOS = YES_AGGRESSIVE;
				GCC_WARN_UNUSED_FUNCTION = YES;
				GCC_WARN_UNUSED_VARIABLE = YES;
				IPHONEOS_DEPLOYMENT_TARGET = 11.4;
				MTL_ENABLE_DEBUG_INFO = NO;
				SDKROOT = iphoneos;
				VALIDATE_PRODUCT = YES;
			};
			name = Release;
		};
		C38BC2802160C64F00E9D7D6 /* Debug */ = {
			isa = XCBuildConfiguration;
			buildSettings = {
				ASSETCATALOG_COMPILER_APPICON_NAME = AppIcon;
				CODE_SIGN_STYLE = Automatic;
				DEVELOPMENT_TEAM = P47LQ252YK;
				INFOPLIST_FILE = mobilelab/Info.plist;
				LD_RUNPATH_SEARCH_PATHS = (
					"$(inherited)",
					"@executable_path/Frameworks",
				);
				MTL_ENABLE_DEBUG_INFO = NO;
				PRODUCT_BUNDLE_IDENTIFIER = bstu.mobilelab;
				PRODUCT_NAME = "$(TARGET_NAME)";
				TARGETED_DEVICE_FAMILY = "1,2";
			};
			name = Debug;
		};
		C38BC2812160C64F00E9D7D6 /* Release */ = {
			isa = XCBuildConfiguration;
			buildSettings = {
				ASSETCATALOG_COMPILER_APPICON_NAME = AppIcon;
				CODE_SIGN_STYLE = Automatic;
				DEVELOPMENT_TEAM = P47LQ252YK;
				INFOPLIST_FILE = mobilelab/Info.plist;
				LD_RUNPATH_SEARCH_PATHS = (
					"$(inherited)",
					"@executable_path/Frameworks",
				);
				MTL_ENABLE_DEBUG_INFO = YES;
				ONLY_ACTIVE_ARCH = YES;
				PRODUCT_BUNDLE_IDENTIFIER = bstu.mobilelab;
				PRODUCT_NAME = "$(TARGET_NAME)";
				TARGETED_DEVICE_FAMILY = "1,2";
			};
			name = Release;
		};
/* End XCBuildConfiguration section */

/* Begin XCConfigurationList section */
		C38BC2642160C64F00E9D7D6 /* Build configuration list for PBXProject "mobilelab" */ = {
			isa = XCConfigurationList;
			buildConfigurations = (
				C38BC27D2160C64F00E9D7D6 /* Debug */,
				C38BC27E2160C64F00E9D7D6 /* Release */,
			);
			defaultConfigurationIsVisible = 0;
			defaultConfigurationName = Release;
		};
		C38BC27F2160C64F00E9D7D6 /* Build configuration list for PBXNativeTarget "mobilelab" */ = {
			isa = XCConfigurationList;
			buildConfigurations = (
				C38BC2802160C64F00E9D7D6 /* Debug */,
				C38BC2812160C64F00E9D7D6 /* Release */,
			);
			defaultConfigurationIsVisible = 0;
			defaultConfigurationName = Release;
		};
/* End XCConfigurationList section */
	};
	rootObject = C38BC2612160C64F00E9D7D6 /* Project object */;
}
